
Microsoft Visual Studio Solution File, Format Version 12.00
# Visual Studio Version 17
VisualStudioVersion = 17.11.35327.3
MinimumVisualStudioVersion = 10.0.40219.1
Project("{FAE04EC0-301F-11D3-BF4B-00C04F79EFBC}") = "DemoParallel", "DemoParallel\DemoParallel.csproj", "{77CD4653-70F0-46F8-ACD3-389631C1BC74}"
EndProject
Project("{FAE04EC0-301F-11D3-BF4B-00C04F79EFBC}") = "EratosteneParallel", "EratosteneParallel\EratosteneParallel.csproj", "{5AEF4F23-5F4D-45DB-8D47-6338DF8B165D}"
EndProject
Project("{FAE04EC0-301F-11D3-BF4B-00C04F79EFBC}") = "Fattoriale", "Fattoriale\Fattoriale.csproj", "{F9327DA0-E584-4634-8C77-2E5658021535}"
EndProject
Project("{FAE04EC0-301F-11D3-BF4B-00C04F79EFBC}") = "DemoWpf", "DemoWpf\DemoWpf.csproj", "{6ED4FD00-D44A-445F-84B7-01D2B4F6184E}"
EndProject
Project("{FAE04EC0-301F-11D3-BF4B-00C04F79EFBC}") = "RadixSort", "RadixSort\RadixSort.csproj", "{52785C3C-66D5-4C8C-9065-5260634AF30E}"
EndProject
Global
	GlobalSection(SolutionConfigurationPlatforms) = preSolution
		Debug|Any CPU = Debug|Any CPU
		Release|Any CPU = Release|Any CPU
	EndGlobalSection
	GlobalSection(ProjectConfigurationPlatforms) = postSolution
		{77CD4653-70F0-46F8-ACD3-389631C1BC74}.Debug|Any CPU.ActiveCfg = Debug|Any CPU
		{77CD4653-70F0-46F8-ACD3-389631C1BC74}.Debug|Any CPU.Build.0 = Debug|Any CPU
		{77CD4653-70F0-46F8-ACD3-389631C1BC74}.Release|Any CPU.ActiveCfg = Release|Any CPU
		{77CD4653-70F0-46F8-ACD3-389631C1BC74}.Release|Any CPU.Build.0 = Release|Any CPU
		{5AEF4F23-5F4D-45DB-8D47-6338DF8B165D}.Debug|Any CPU.ActiveCfg = Debug|Any CPU
		{5AEF4F23-5F4D-45DB-8D47-6338DF8B165D}.Debug|Any CPU.Build.0 = Debug|Any CPU
		{5AEF4F23-5F4D-45DB-8D47-6338DF8B165D}.Release|Any CPU.ActiveCfg = Release|Any CPU
		{5AEF4F23-5F4D-45DB-8D47-6338DF8B165D}.Release|Any CPU.Build.0 = Release|Any CPU
		{F9327DA0-E584-4634-8C77-2E5658021535}.Debug|Any CPU.ActiveCfg = Debug|Any CPU
		{F9327DA0-E584-4634-8C77-2E5658021535}.Debug|Any CPU.Build.0 = Debug|Any CPU
		{F9327DA0-E584-4634-8C77-2E5658021535}.Release|Any CPU.ActiveCfg = Release|Any CPU
		{F9327DA0-E584-4634-8C77-2E5658021535}.Release|Any CPU.Build.0 = Release|Any CPU
		{6ED4FD00-D44A-445F-84B7-01D2B4F6184E}.Debug|Any CPU.ActiveCfg = Debug|Any CPU
		{6ED4FD00-D44A-445F-84B7-01D2B4F6184E}.Debug|Any CPU.Build.0 = Debug|Any CPU
		{6ED4FD00-D44A-445F-84B7-01D2B4F6184E}.Release|Any CPU.ActiveCfg = Release|Any CPU
		{6ED4FD00-D44A-445F-84B7-01D2B4F6184E}.Release|Any CPU.Build.0 = Release|Any CPU
		{52785C3C-66D5-4C8C-9065-5260634AF30E}.Debug|Any CPU.ActiveCfg = Debug|Any CPU
		{52785C3C-66D5-4C8C-9065-5260634AF30E}.Debug|Any CPU.Build.0 = Debug|Any CPU
		{52785C3C-66D5-4C8C-9065-5260634AF30E}.Release|Any CPU.ActiveCfg = Release|Any CPU
		{52785C3C-66D5-4C8C-9065-5260634AF30E}.Release|Any CPU.Build.0 = Release|Any CPU
	EndGlobalSection
	GlobalSection(SolutionProperties) = preSolution
		HideSolutionNode = FALSE
	EndGlobalSection
	GlobalSection(ExtensibilityGlobals) = postSolution
		SolutionGuid = {1A932A47-656D-4A1E-943F-776646CB52C8}
	EndGlobalSection
EndGlobal
